
Microsoft Visual Studio Solution File, Format Version 12.00
# Visual Studio 2012
Project("{FAE04EC0-301F-11D3-BF4B-00C04F79EFBC}") = "Entretien", "Entretien\Entretien.csproj", "{D5D36D93-EB20-4724-9EFF-BCE4BB7D99DD}"
EndProject
Project("{FAE04EC0-301F-11D3-BF4B-00C04F79EFBC}") = "Entretien.Client", "Entretien.Client\Entretien.Client.csproj", "{02309360-DC09-4C98-A80D-04B6F3040A85}"
EndProject
Project("{FAE04EC0-301F-11D3-BF4B-00C04F79EFBC}") = "MiddleServiceApp", "MiddleServiceApp\MiddleServiceApp.csproj", "{FCBC5940-DA27-4CC2-A2E4-5F57818D6C3D}"
EndProject
Global
	GlobalSection(SolutionConfigurationPlatforms) = preSolution
		Debug|Any CPU = Debug|Any CPU
		Release|Any CPU = Release|Any CPU
	EndGlobalSection
	GlobalSection(ProjectConfigurationPlatforms) = postSolution
		{D5D36D93-EB20-4724-9EFF-BCE4BB7D99DD}.Debug|Any CPU.ActiveCfg = Debug|Any CPU
		{D5D36D93-EB20-4724-9EFF-BCE4BB7D99DD}.Debug|Any CPU.Build.0 = Debug|Any CPU
		{D5D36D93-EB20-4724-9EFF-BCE4BB7D99DD}.Debug|Any CPU.Deploy.0 = Debug|Any CPU
		{D5D36D93-EB20-4724-9EFF-BCE4BB7D99DD}.Release|Any CPU.ActiveCfg = Release|Any CPU
		{D5D36D93-EB20-4724-9EFF-BCE4BB7D99DD}.Release|Any CPU.Build.0 = Release|Any CPU
		{D5D36D93-EB20-4724-9EFF-BCE4BB7D99DD}.Release|Any CPU.Deploy.0 = Release|Any CPU
		{02309360-DC09-4C98-A80D-04B6F3040A85}.Debug|Any CPU.ActiveCfg = Debug|Any CPU
		{02309360-DC09-4C98-A80D-04B6F3040A85}.Debug|Any CPU.Build.0 = Debug|Any CPU
		{02309360-DC09-4C98-A80D-04B6F3040A85}.Debug|Any CPU.Deploy.0 = Debug|Any CPU
		{02309360-DC09-4C98-A80D-04B6F3040A85}.Release|Any CPU.ActiveCfg = Release|Any CPU
		{02309360-DC09-4C98-A80D-04B6F3040A85}.Release|Any CPU.Build.0 = Release|Any CPU
		{02309360-DC09-4C98-A80D-04B6F3040A85}.Release|Any CPU.Deploy.0 = Release|Any CPU
		{FCBC5940-DA27-4CC2-A2E4-5F57818D6C3D}.Debug|Any CPU.ActiveCfg = Debug|Any CPU
		{FCBC5940-DA27-4CC2-A2E4-5F57818D6C3D}.Debug|Any CPU.Build.0 = Debug|Any CPU
		{FCBC5940-DA27-4CC2-A2E4-5F57818D6C3D}.Release|Any CPU.ActiveCfg = Release|Any CPU
		{FCBC5940-DA27-4CC2-A2E4-5F57818D6C3D}.Release|Any CPU.Build.0 = Release|Any CPU
	EndGlobalSection
	GlobalSection(SolutionProperties) = preSolution
		HideSolutionNode = FALSE
	EndGlobalSection
EndGlobal
